PODS:
  - Charts (3.0.0):
    - Charts/Core (= 3.0.0)
  - Charts/Core (3.0.0)
  - Realm (2.0.4):
    - Realm/Headers (= 2.0.4)
  - Realm/Headers (2.0.4)
  - RealmSwift (2.0.4):
    - Realm (= 2.0.4)

DEPENDENCIES:
  - Charts (from `/Users/vsujan/Documents/sujan/Charts`)
  - RealmSwift (~> 2.0.2)

EXTERNAL SOURCES:
  Charts:
    :path: /Users/vsujan/Documents/sujan/Charts

SPEC CHECKSUMS:
  Charts: 3f0da988b104c8e5f069fcef55da699f597dac67
  Realm: 9da97f48365f8b99dd95c28d45ad8222d62e1775
  RealmSwift: 01e8db006035f16003e6307ae8eae1adccce68db

PODFILE CHECKSUM: a9f00fbc575a9bb7e5164dd4e21a40fdea5d7943

COCOAPODS: 1.1.1
